// !$*UTF8*$!
{
	archiveVersion = 1;
	classes = {
	};
	objectVersion = 56;
	objects = {

/* Begin PBXBuildFile section */
		23A642812A5E1F92000DD420 /* AppDelegate.swift in Sources */ = {isa = PBXBuildFile; fileRef = 23A642802A5E1F92000DD420 /* AppDelegate.swift */; };
		23A642832A5E1F92000DD420 /* SceneDelegate.swift in Sources */ = {isa = PBXBuildFile; fileRef = 23A642822A5E1F92000DD420 /* SceneDelegate.swift */; };
		23A642852A5E1F92000DD420 /* ViewController.swift in Sources */ = {isa = PBXBuildFile; fileRef = 23A642842A5E1F92000DD420 /* ViewController.swift */; };
		23A642882A5E1F92000DD420 /* Main.storyboard in Resources */ = {isa = PBXBuildFile; fileRef = 23A642862A5E1F92000DD420 /* Main.storyboard */; };
		23A6428A2A5E1F94000DD420 /* Assets.xcassets in Resources */ = {isa = PBXBuildFile; fileRef = 23A642892A5E1F94000DD420 /* Assets.xcassets */; };
		23A6428D2A5E1F94000DD420 /* LaunchScreen.storyboard in Resources */ = {isa = PBXBuildFile; fileRef = 23A6428B2A5E1F94000DD420 /* LaunchScreen.storyboard */; };
		23A642982A5E1F96000DD420 /* massive_emartTests.swift in Sources */ = {isa = PBXBuildFile; fileRef = 23A642972A5E1F96000DD420 /* massive_emartTests.swift */; };
		23A642A22A5E1F96000DD420 /* massive_emartUITests.swift in Sources */ = {isa = PBXBuildFile; fileRef = 23A642A12A5E1F96000DD420 /* massive_emartUITests.swift */; };
		23A642A42A5E1F96000DD420 /* massive_emartUITestsLaunchTests.swift in Sources */ = {isa = PBXBuildFile; fileRef = 23A642A32A5E1F96000DD420 /* massive_emartUITestsLaunchTests.swift */; };
		23C94D2D2A605EC000EB8753 /* GoogleService-Info.plist in Resources */ = {isa = PBXBuildFile; fileRef = 23C94D2C2A605EC000EB8753 /* GoogleService-Info.plist */; };
		23C94D2F2A60666900EB8753 /* FlowStore.storyboard in Resources */ = {isa = PBXBuildFile; fileRef = 23C94D2E2A60666900EB8753 /* FlowStore.storyboard */; };
		23C94D312A60680800EB8753 /* HomeViewController.swift in Sources */ = {isa = PBXBuildFile; fileRef = 23C94D302A60680800EB8753 /* HomeViewController.swift */; };
		23E94D392A5F0EBE00F061EB /* LoginViewController.swift in Sources */ = {isa = PBXBuildFile; fileRef = 23E94D382A5F0EBE00F061EB /* LoginViewController.swift */; };
/* End PBXBuildFile section */

/* Begin PBXContainerItemProxy section */
		23A642942A5E1F96000DD420 /* PBXContainerItemProxy */ = {
			isa = PBXContainerItemProxy;
			containerPortal = 23A642752A5E1F92000DD420 /* Project object */;
			proxyType = 1;
			remoteGlobalIDString = 23A6427C2A5E1F92000DD420;
			remoteInfo = massive_emart;
		};
		23A6429E2A5E1F96000DD420 /* PBXContainerItemProxy */ = {
			isa = PBXContainerItemProxy;
			containerPortal = 23A642752A5E1F92000DD420 /* Project object */;
			proxyType = 1;
			remoteGlobalIDString = 23A6427C2A5E1F92000DD420;
			remoteInfo = massive_emart;
		};
/* End PBXContainerItemProxy section */

/* Begin PBXFileReference section */
		23A6427D2A5E1F92000DD420 /* massive_emart.app */ = {isa = PBXFileReference; explicitFileType = wrapper.application; includeInIndex = 0; path = massive_emart.app; sourceTree = BUILT_PRODUCTS_DIR; };
		23A642802A5E1F92000DD420 /* AppDelegate.swift */ = {isa = PBXFileReference; lastKnownFileType = sourcecode.swift; path = AppDelegate.swift; sourceTree = "<group>"; };
		23A642822A5E1F92000DD420 /* SceneDelegate.swift */ = {isa = PBXFileReference; lastKnownFileType = sourcecode.swift; path = SceneDelegate.swift; sourceTree = "<group>"; };
		23A642842A5E1F92000DD420 /* ViewController.swift */ = {isa = PBXFileReference; lastKnownFileType = sourcecode.swift; path = ViewController.swift; sourceTree = "<group>"; };
		23A642872A5E1F92000DD420 /* Base */ = {isa = PBXFileReference; lastKnownFileType = file.storyboard; name = Base; path = Base.lproj/Main.storyboard; sourceTree = "<group>"; };
		23A642892A5E1F94000DD420 /* Assets.xcassets */ = {isa = PBXFileReference; lastKnownFileType = folder.assetcatalog; path = Assets.xcassets; sourceTree = "<group>"; };
		23A6428C2A5E1F94000DD420 /* Base */ = {isa = PBXFileReference; lastKnownFileType = file.storyboard; name = Base; path = Base.lproj/LaunchScreen.storyboard; sourceTree = "<group>"; };
		23A6428E2A5E1F94000DD420 /* Info.plist */ = {isa = PBXFileReference; lastKnownFileType = text.plist.xml; path = Info.plist; sourceTree = "<group>"; };
		23A642932A5E1F96000DD420 /* massive_emartTests.xctest */ = {isa = PBXFileReference; explicitFileType = wrapper.cfbundle; includeInIndex = 0; path = massive_emartTests.xctest; sourceTree = BUILT_PRODUCTS_DIR; };
		23A642972A5E1F96000DD420 /* massive_emartTests.swift */ = {isa = PBXFileReference; lastKnownFileType = sourcecode.swift; path = massive_emartTests.swift; sourceTree = "<group>"; };
		23A6429D2A5E1F96000DD420 /* massive_emartUITests.xctest */ = {isa = PBXFileReference; explicitFileType = wrapper.cfbundle; includeInIndex = 0; path = massive_emartUITests.xctest; sourceTree = BUILT_PRODUCTS_DIR; };
		23A642A12A5E1F96000DD420 /* massive_emartUITests.swift */ = {isa = PBXFileReference; lastKnownFileType = sourcecode.swift; path = massive_emartUITests.swift; sourceTree = "<group>"; };
		23A642A32A5E1F96000DD420 /* massive_emartUITestsLaunchTests.swift */ = {isa = PBXFileReference; lastKnownFileType = sourcecode.swift; path = massive_emartUITestsLaunchTests.swift; sourceTree = "<group>"; };
		23C94D2C2A605EC000EB8753 /* GoogleService-Info.plist */ = {isa = PBXFileReference; fileEncoding = 4; lastKnownFileType = text.plist.xml; path = "GoogleService-Info.plist"; sourceTree = "<group>"; };
		23C94D2E2A60666900EB8753 /* FlowStore.storyboard */ = {isa = PBXFileReference; lastKnownFileType = file.storyboard; path = FlowStore.storyboard; sourceTree = "<group>"; };
		23C94D302A60680800EB8753 /* HomeViewController.swift */ = {isa = PBXFileReference; lastKnownFileType = sourcecode.swift; path = HomeViewController.swift; sourceTree = "<group>"; };
		23E94D382A5F0EBE00F061EB /* LoginViewController.swift */ = {isa = PBXFileReference; lastKnownFileType = sourcecode.swift; path = LoginViewController.swift; sourceTree = "<group>"; };
/* End PBXFileReference section */

/* Begin PBXFrameworksBuildPhase section */
		23A6427A2A5E1F92000DD420 /* Frameworks */ = {
			isa = PBXFrameworksBuildPhase;
			buildActionMask = 2147483647;
			files = (
			);
			runOnlyForDeploymentPostprocessing = 0;
		};
		23A642902A5E1F96000DD420 /* Frameworks */ = {
			isa = PBXFrameworksBuildPhase;
			buildActionMask = 2147483647;
			files = (
			);
			runOnlyForDeploymentPostprocessing = 0;
		};
		23A6429A2A5E1F96000DD420 /* Frameworks */ = {
			isa = PBXFrameworksBuildPhase;
			buildActionMask = 2147483647;
			files = (
			);
			runOnlyForDeploymentPostprocessing = 0;
		};
/* End PBXFrameworksBuildPhase section */

/* Begin PBXGroup section */
		23A642742A5E1F92000DD420 = {
			isa = PBXGroup;
			children = (
				23A6427F2A5E1F92000DD420 /* massive_emart */,
				23A642962A5E1F96000DD420 /* massive_emartTests */,
				23A642A02A5E1F96000DD420 /* massive_emartUITests */,
				23A6427E2A5E1F92000DD420 /* Products */,
			);
			sourceTree = "<group>";
		};
		23A6427E2A5E1F92000DD420 /* Products */ = {
			isa = PBXGroup;
			children = (
				23A6427D2A5E1F92000DD420 /* massive_emart.app */,
				23A642932A5E1F96000DD420 /* massive_emartTests.xctest */,
				23A6429D2A5E1F96000DD420 /* massive_emartUITests.xctest */,
			);
			name = Products;
			sourceTree = "<group>";
		};
		23A6427F2A5E1F92000DD420 /* massive_emart */ = {
			isa = PBXGroup;
			children = (
				23A642802A5E1F92000DD420 /* AppDelegate.swift */,
				23A642822A5E1F92000DD420 /* SceneDelegate.swift */,
				23A642842A5E1F92000DD420 /* ViewController.swift */,
				23E94D382A5F0EBE00F061EB /* LoginViewController.swift */,
				23A642862A5E1F92000DD420 /* Main.storyboard */,
				23A642892A5E1F94000DD420 /* Assets.xcassets */,
				23A6428B2A5E1F94000DD420 /* LaunchScreen.storyboard */,
				23A6428E2A5E1F94000DD420 /* Info.plist */,
				23C94D2C2A605EC000EB8753 /* GoogleService-Info.plist */,
				23C94D2E2A60666900EB8753 /* FlowStore.storyboard */,
				23C94D302A60680800EB8753 /* HomeViewController.swift */,
			);
			path = massive_emart;
			sourceTree = "<group>";
		};
		23A642962A5E1F96000DD420 /* massive_emartTests */ = {
			isa = PBXGroup;
			children = (
				23A642972A5E1F96000DD420 /* massive_emartTests.swift */,
			);
			path = massive_emartTests;
			sourceTree = "<group>";
		};
		23A642A02A5E1F96000DD420 /* massive_emartUITests */ = {
			isa = PBXGroup;
			children = (
				23A642A12A5E1F96000DD420 /* massive_emartUITests.swift */,
				23A642A32A5E1F96000DD420 /* massive_emartUITestsLaunchTests.swift */,
			);
			path = massive_emartUITests;
			sourceTree = "<group>";
		};
/* End PBXGroup section */

/* Begin PBXNativeTarget section */
		23A6427C2A5E1F92000DD420 /* massive_emart */ = {
			isa = PBXNativeTarget;
			buildConfigurationList = 23A642A72A5E1F96000DD420 /* Build configuration list for PBXNativeTarget "massive_emart" */;
			buildPhases = (
				23A642792A5E1F92000DD420 /* Sources */,
				23A6427A2A5E1F92000DD420 /* Frameworks */,
				23A6427B2A5E1F92000DD420 /* Resources */,
			);
			buildRules = (
			);
			dependencies = (
			);
			name = massive_emart;
			productName = massive_emart;
			productReference = 23A6427D2A5E1F92000DD420 /* massive_emart.app */;
			productType = "com.apple.product-type.application";
		};
		23A642922A5E1F96000DD420 /* massive_emartTests */ = {
			isa = PBXNativeTarget;
			buildConfigurationList = 23A642AA2A5E1F96000DD420 /* Build configuration list for PBXNativeTarget "massive_emartTests" */;
			buildPhases = (
				23A6428F2A5E1F96000DD420 /* Sources */,
				23A642902A5E1F96000DD420 /* Frameworks */,
				23A642912A5E1F96000DD420 /* Resources */,
			);
			buildRules = (
			);
			dependencies = (
				23A642952A5E1F96000DD420 /* PBXTargetDependency */,
			);
			name = massive_emartTests;
			productName = massive_emartTests;
			productReference = 23A642932A5E1F96000DD420 /* massive_emartTests.xctest */;
			productType = "com.apple.product-type.bundle.unit-test";
		};
		23A6429C2A5E1F96000DD420 /* massive_emartUITests */ = {
			isa = PBXNativeTarget;
			buildConfigurationList = 23A642AD2A5E1F96000DD420 /* Build configuration list for PBXNativeTarget "massive_emartUITests" */;
			buildPhases = (
				23A642992A5E1F96000DD420 /* Sources */,
				23A6429A2A5E1F96000DD420 /* Frameworks */,
				23A6429B2A5E1F96000DD420 /* Resources */,
			);
			buildRules = (
			);
			dependencies = (
				23A6429F2A5E1F96000DD420 /* PBXTargetDependency */,
			);
			name = massive_emartUITests;
			productName = massive_emartUITests;
			productReference = 23A6429D2A5E1F96000DD420 /* massive_emartUITests.xctest */;
			productType = "com.apple.product-type.bundle.ui-testing";
		};
/* End PBXNativeTarget section */

/* Begin PBXProject section */
		23A642752A5E1F92000DD420 /* Project object */ = {
			isa = PBXProject;
			attributes = {
				BuildIndependentTargetsInParallel = 1;
				LastSwiftUpdateCheck = 1420;
				LastUpgradeCheck = 1420;
				TargetAttributes = {
					23A6427C2A5E1F92000DD420 = {
						CreatedOnToolsVersion = 14.2;
					};
					23A642922A5E1F96000DD420 = {
						CreatedOnToolsVersion = 14.2;
						TestTargetID = 23A6427C2A5E1F92000DD420;
					};
					23A6429C2A5E1F96000DD420 = {
						CreatedOnToolsVersion = 14.2;
						TestTargetID = 23A6427C2A5E1F92000DD420;
					};
				};
			};
			buildConfigurationList = 23A642782A5E1F92000DD420 /* Build configuration list for PBXProject "massive_emart" */;
			compatibilityVersion = "Xcode 14.0";
			developmentRegion = en;
			hasScannedForEncodings = 0;
			knownRegions = (
				en,
				Base,
			);
			mainGroup = 23A642742A5E1F92000DD420;
			productRefGroup = 23A6427E2A5E1F92000DD420 /* Products */;
			projectDirPath = "";
			projectRoot = "";
			targets = (
				23A6427C2A5E1F92000DD420 /* massive_emart */,
				23A642922A5E1F96000DD420 /* massive_emartTests */,
				23A6429C2A5E1F96000DD420 /* massive_emartUITests */,
			);
		};
/* End PBXProject section */

/* Begin PBXResourcesBuildPhase section */
		23A6427B2A5E1F92000DD420 /* Resources */ = {
			isa = PBXResourcesBuildPhase;
			buildActionMask = 2147483647;
			files = (
				23A6428D2A5E1F94000DD420 /* LaunchScreen.storyboard in Resources */,
				23C94D2F2A60666900EB8753 /* FlowStore.storyboard in Resources */,
				23C94D2D2A605EC000EB8753 /* GoogleService-Info.plist in Resources */,
				23A6428A2A5E1F94000DD420 /* Assets.xcassets in Resources */,
				23A642882A5E1F92000DD420 /* Main.storyboard in Resources */,
			);
			runOnlyForDeploymentPostprocessing = 0;
		};
		23A642912A5E1F96000DD420 /* Resources */ = {
			isa = PBXResourcesBuildPhase;
			buildActionMask = 2147483647;
			files = (
			);
			runOnlyForDeploymentPostprocessing = 0;
		};
		23A6429B2A5E1F96000DD420 /* Resources */ = {
			isa = PBXResourcesBuildPhase;
			buildActionMask = 2147483647;
			files = (
			);
			runOnlyForDeploymentPostprocessing = 0;
		};
/* End PBXResourcesBuildPhase section */

/* Begin PBXSourcesBuildPhase section */
		23A642792A5E1F92000DD420 /* Sources */ = {
			isa = PBXSourcesBuildPhase;
			buildActionMask = 2147483647;
			files = (
				23C94D312A60680800EB8753 /* HomeViewController.swift in Sources */,
				23E94D392A5F0EBE00F061EB /* LoginViewController.swift in Sources */,
				23A642852A5E1F92000DD420 /* ViewController.swift in Sources */,
				23A642812A5E1F92000DD420 /* AppDelegate.swift in Sources */,
				23A642832A5E1F92000DD420 /* SceneDelegate.swift in Sources */,
			);
			runOnlyForDeploymentPostprocessing = 0;
		};
		23A6428F2A5E1F96000DD420 /* Sources */ = {
			isa = PBXSourcesBuildPhase;
			buildActionMask = 2147483647;
			files = (
				23A642982A5E1F96000DD420 /* massive_emartTests.swift in Sources */,
			);
			runOnlyForDeploymentPostprocessing = 0;
		};
		23A642992A5E1F96000DD420 /* Sources */ = {
			isa = PBXSourcesBuildPhase;
			buildActionMask = 2147483647;
			files = (
				23A642A22A5E1F96000DD420 /* massive_emartUITests.swift in Sources */,
				23A642A42A5E1F96000DD420 /* massive_emartUITestsLaunchTests.swift in Sources */,
			);
			runOnlyForDeploymentPostprocessing = 0;
		};
/* End PBXSourcesBuildPhase section */

/* Begin PBXTargetDependency section */
		23A642952A5E1F96000DD420 /* PBXTargetDependency */ = {
			isa = PBXTargetDependency;
			target = 23A6427C2A5E1F92000DD420 /* massive_emart */;
			targetProxy = 23A642942A5E1F96000DD420 /* PBXContainerItemProxy */;
		};
		23A6429F2A5E1F96000DD420 /* PBXTargetDependency */ = {
			isa = PBXTargetDependency;
			target = 23A6427C2A5E1F92000DD420 /* massive_emart */;
			targetProxy = 23A6429E2A5E1F96000DD420 /* PBXContainerItemProxy */;
		};
/* End PBXTargetDependency section */

/* Begin PBXVariantGroup section */
		23A642862A5E1F92000DD420 /* Main.storyboard */ = {
			isa = PBXVariantGroup;
			children = (
				23A642872A5E1F92000DD420 /* Base */,
			);
			name = Main.storyboard;
			sourceTree = "<group>";
		};
		23A6428B2A5E1F94000DD420 /* LaunchScreen.storyboard */ = {
			isa = PBXVariantGroup;
			children = (
				23A6428C2A5E1F94000DD420 /* Base */,
			);
			name = LaunchScreen.storyboard;
			sourceTree = "<group>";
		};
/* End PBXVariantGroup section */

/* Begin XCBuildConfiguration section */
		23A642A52A5E1F96000DD420 /* Debug */ = {
			isa = XCBuildConfiguration;
			buildSettings = {
				ALWAYS_SEARCH_USER_PATHS = NO;
				CLANG_ANALYZER_NONNULL = YES;
				CLANG_ANALYZER_NUMBER_OBJECT_CONVERSION = YES_AGGRESSIVE;
				CLANG_CXX_LANGUAGE_STANDARD = "gnu++20";
				CLANG_ENABLE_MODULES = YES;
				CLANG_ENABLE_OBJC_ARC = YES;
				CLANG_ENABLE_OBJC_WEAK = YES;
				CLANG_WARN_BLOCK_CAPTURE_AUTORELEASING = YES;
				CLANG_WARN_BOOL_CONVERSION = YES;
				CLANG_WARN_COMMA = YES;
				CLANG_WARN_CONSTANT_CONVERSION = YES;
				CLANG_WARN_DEPRECATED_OBJC_IMPLEMENTATIONS = YES;
				CLANG_WARN_DIRECT_OBJC_ISA_USAGE = YES_ERROR;
				CLANG_WARN_DOCUMENTATION_COMMENTS = YES;
				CLANG_WARN_EMPTY_BODY = YES;
				CLANG_WARN_ENUM_CONVERSION = YES;
				CLANG_WARN_INFINITE_RECURSION = YES;
				CLANG_WARN_INT_CONVERSION = YES;
				CLANG_WARN_NON_LITERAL_NULL_CONVERSION = YES;
				CLANG_WARN_OBJC_IMPLICIT_RETAIN_SELF = YES;
				CLANG_WARN_OBJC_LITERAL_CONVERSION = YES;
				CLANG_WARN_OBJC_ROOT_CLASS = YES_ERROR;
				CLANG_WARN_QUOTED_INCLUDE_IN_FRAMEWORK_HEADER = YES;
				CLANG_WARN_RANGE_LOOP_ANALYSIS = YES;
				CLANG_WARN_STRICT_PROTOTYPES = YES;
				CLANG_WARN_SUSPICIOUS_MOVE = YES;
				CLANG_WARN_UNGUARDED_AVAILABILITY = YES_AGGRESSIVE;
				CLANG_WARN_UNREACHABLE_CODE = YES;
				CLANG_WARN__DUPLICATE_METHOD_MATCH = YES;
				COPY_PHASE_STRIP = NO;
				DEBUG_INFORMATION_FORMAT = dwarf;
				ENABLE_STRICT_OBJC_MSGSEND = YES;
				ENABLE_TESTABILITY = YES;
				GCC_C_LANGUAGE_STANDARD = gnu11;
				GCC_DYNAMIC_NO_PIC = NO;
				GCC_NO_COMMON_BLOCKS = YES;
				GCC_OPTIMIZATION_LEVEL = 0;
				GCC_PREPROCESSOR_DEFINITIONS = (
					"DEBUG=1",
					"$(inherited)",
				);
				GCC_WARN_64_TO_32_BIT_CONVERSION = YES;
				GCC_WARN_ABOUT_RETURN_TYPE = YES_ERROR;
				GCC_WARN_UNDECLARED_SELECTOR = YES;
				GCC_WARN_UNINITIALIZED_AUTOS = YES_AGGRESSIVE;
				GCC_WARN_UNUSED_FUNCTION = YES;
				GCC_WARN_UNUSED_VARIABLE = YES;
				IPHONEOS_DEPLOYMENT_TARGET = 16.2;
				MTL_ENABLE_DEBUG_INFO = INCLUDE_SOURCE;
				MTL_FAST_MATH = YES;
				ONLY_ACTIVE_ARCH = YES;
				SDKROOT = iphoneos;
				SWIFT_ACTIVE_COMPILATION_CONDITIONS = DEBUG;
				SWIFT_OPTIMIZATION_LEVEL = "-Onone";
			};
			name = Debug;
		};
		23A642A62A5E1F96000DD420 /* Release */ = {
			isa = XCBuildConfiguration;
			buildSettings = {
				ALWAYS_SEARCH_USER_PATHS = NO;
				CLANG_ANALYZER_NONNULL = YES;
				CLANG_ANALYZER_NUMBER_OBJECT_CONVERSION = YES_AGGRESSIVE;
				CLANG_CXX_LANGUAGE_STANDARD = "gnu++20";
				CLANG_ENABLE_MODULES = YES;
				CLANG_ENABLE_OBJC_ARC = YES;
				CLANG_ENABLE_OBJC_WEAK = YES;
				CLANG_WARN_BLOCK_CAPTURE_AUTORELEASING = YES;
				CLANG_WARN_BOOL_CONVERSION = YES;
				CLANG_WARN_COMMA = YES;
				CLANG_WARN_CONSTANT_CONVERSION = YES;
				CLANG_WARN_DEPRECATED_OBJC_IMPLEMENTATIONS = YES;
				CLANG_WARN_DIRECT_OBJC_ISA_USAGE = YES_ERROR;
				CLANG_WARN_DOCUMENTATION_COMMENTS = YES;
				CLANG_WARN_EMPTY_BODY = YES;
				CLANG_WARN_ENUM_CONVERSION = YES;
				CLANG_WARN_INFINITE_RECURSION = YES;
				CLANG_WARN_INT_CONVERSION = YES;
				CLANG_WARN_NON_LITERAL_NULL_CONVERSION = YES;
				CLANG_WARN_OBJC_IMPLICIT_RETAIN_SELF = YES;
				CLANG_WARN_OBJC_LITERAL_CONVERSION = YES;
				CLANG_WARN_OBJC_ROOT_CLASS = YES_ERROR;
				CLANG_WARN_QUOTED_INCLUDE_IN_FRAMEWORK_HEADER = YES;
				CLANG_WARN_RANGE_LOOP_ANALYSIS = YES;
				CLANG_WARN_STRICT_PROTOTYPES = YES;
				CLANG_WARN_SUSPICIOUS_MOVE = YES;
				CLANG_WARN_UNGUARDED_AVAILABILITY = YES_AGGRESSIVE;
				CLANG_WARN_UNREACHABLE_CODE = YES;
				CLANG_WARN__DUPLICATE_METHOD_MATCH = YES;
				COPY_PHASE_STRIP = NO;
				DEBUG_INFORMATION_FORMAT = "dwarf-with-dsym";
				ENABLE_NS_ASSERTIONS = NO;
				ENABLE_STRICT_OBJC_MSGSEND = YES;
				GCC_C_LANGUAGE_STANDARD = gnu11;
				GCC_NO_COMMON_BLOCKS = YES;
				GCC_WARN_64_TO_32_BIT_CONVERSION = YES;
				GCC_WARN_ABOUT_RETURN_TYPE = YES_ERROR;
				GCC_WARN_UNDECLARED_SELECTOR = YES;
				GCC_WARN_UNINITIALIZED_AUTOS = YES_AGGRESSIVE;
				GCC_WARN_UNUSED_FUNCTION = YES;
				GCC_WARN_UNUSED_VARIABLE = YES;
				IPHONEOS_DEPLOYMENT_TARGET = 16.2;
				MTL_ENABLE_DEBUG_INFO = NO;
				MTL_FAST_MATH = YES;
				SDKROOT = iphoneos;
				SWIFT_COMPILATION_MODE = wholemodule;
				SWIFT_OPTIMIZATION_LEVEL = "-O";
				VALIDATE_PRODUCT = YES;
			};
			name = Release;
		};
		23A642A82A5E1F96000DD420 /* Debug */ = {
			isa = XCBuildConfiguration;
			buildSettings = {
				ASSETCATALOG_COMPILER_APPICON_NAME = AppIcon;
				ASSETCATALOG_COMPILER_GLOBAL_ACCENT_COLOR_NAME = AccentColor;
				CODE_SIGN_STYLE = Automatic;
				CURRENT_PROJECT_VERSION = 1;
				DEVELOPMENT_TEAM = P3LDC8K28V;
				GENERATE_INFOPLIST_FILE = YES;
				INFOPLIST_FILE = massive_emart/Info.plist;
				INFOPLIST_KEY_UIApplicationSupportsIndirectInputEvents = YES;
				INFOPLIST_KEY_UILaunchStoryboardName = LaunchScreen;
				INFOPLIST_KEY_UIMainStoryboardFile = Main;
				INFOPLIST_KEY_UISupportedInterfaceOrientations_iPad = "UIInterfaceOrientationPortrait UIInterfaceOrientationPortraitUpsideDown UIInterfaceOrientationLandscapeLeft UIInterfaceOrientationLandscapeRight";
				INFOPLIST_KEY_UISupportedInterfaceOrientations_iPhone = "UIInterfaceOrientationPortrait UIInterfaceOrientationLandscapeLeft UIInterfaceOrientationLandscapeRight";
				LD_RUNPATH_SEARCH_PATHS = (
					"$(inherited)",
					"@executable_path/Frameworks",
				);
				MARKETING_VERSION = 1.0;
				PRODUCT_BUNDLE_IDENTIFIER = "pp.massive-emart";
				PRODUCT_NAME = "$(TARGET_NAME)";
				SWIFT_EMIT_LOC_STRINGS = YES;
				SWIFT_VERSION = 5.0;
				TARGETED_DEVICE_FAMILY = "1,2";
			};
			name = Debug;
		};
		23A642A92A5E1F96000DD420 /* Release */ = {
			isa = XCBuildConfiguration;
			buildSettings = {
				ASSETCATALOG_COMPILER_APPICON_NAME = AppIcon;
				ASSETCATALOG_COMPILER_GLOBAL_ACCENT_COLOR_NAME = AccentColor;
				CODE_SIGN_STYLE = Automatic;
				CURRENT_PROJECT_VERSION = 1;
				DEVELOPMENT_TEAM = P3LDC8K28V;
				GENERATE_INFOPLIST_FILE = YES;
				INFOPLIST_FILE = massive_emart/Info.plist;
				INFOPLIST_KEY_UIApplicationSupportsIndirectInputEvents = YES;
				INFOPLIST_KEY_UILaunchStoryboardName = LaunchScreen;
				INFOPLIST_KEY_UIMainStoryboardFile = Main;
				INFOPLIST_KEY_UISupportedInterfaceOrientations_iPad = "UIInterfaceOrientationPortrait UIInterfaceOrientationPortraitUpsideDown UIInterfaceOrientationLandscapeLeft UIInterfaceOrientationLandscapeRight";
				INFOPLIST_KEY_UISupportedInterfaceOrientations_iPhone = "UIInterfaceOrientationPortrait UIInterfaceOrientationLandscapeLeft UIInterfaceOrientationLandscapeRight";
				LD_RUNPATH_SEARCH_PATHS = (
					"$(inherited)",
					"@executable_path/Frameworks",
				);
				MARKETING_VERSION = 1.0;
				PRODUCT_BUNDLE_IDENTIFIER = "pp.massive-emart";
				PRODUCT_NAME = "$(TARGET_NAME)";
				SWIFT_EMIT_LOC_STRINGS = YES;
				SWIFT_VERSION = 5.0;
				TARGETED_DEVICE_FAMILY = "1,2";
			};
			name = Release;
		};
		23A642AB2A5E1F96000DD420 /* Debug */ = {
			isa = XCBuildConfiguration;
			buildSettings = {
				ALWAYS_EMBED_SWIFT_STANDARD_LIBRARIES = YES;
				BUNDLE_LOADER = "$(TEST_HOST)";
				CODE_SIGN_STYLE = Automatic;
				CURRENT_PROJECT_VERSION = 1;
				DEVELOPMENT_TEAM = P3LDC8K28V;
				GENERATE_INFOPLIST_FILE = YES;
				IPHONEOS_DEPLOYMENT_TARGET = 16.2;
				MARKETING_VERSION = 1.0;
				PRODUCT_BUNDLE_IDENTIFIER = "pp.massive-emartTests";
				PRODUCT_NAME = "$(TARGET_NAME)";
				SWIFT_EMIT_LOC_STRINGS = NO;
				SWIFT_VERSION = 5.0;
				TARGETED_DEVICE_FAMILY = "1,2";
				TEST_HOST = "$(BUILT_PRODUCTS_DIR)/massive_emart.app/$(BUNDLE_EXECUTABLE_FOLDER_PATH)/massive_emart";
			};
			name = Debug;
		};
		23A642AC2A5E1F96000DD420 /* Release */ = {
			isa = XCBuildConfiguration;
			buildSettings = {
				ALWAYS_EMBED_SWIFT_STANDARD_LIBRARIES = YES;
				BUNDLE_LOADER = "$(TEST_HOST)";
				CODE_SIGN_STYLE = Automatic;
				CURRENT_PROJECT_VERSION = 1;
				DEVELOPMENT_TEAM = P3LDC8K28V;
				GENERATE_INFOPLIST_FILE = YES;
				IPHONEOS_DEPLOYMENT_TARGET = 16.2;
				MARKETING_VERSION = 1.0;
				PRODUCT_BUNDLE_IDENTIFIER = "pp.massive-emartTests";
				PRODUCT_NAME = "$(TARGET_NAME)";
				SWIFT_EMIT_LOC_STRINGS = NO;
				SWIFT_VERSION = 5.0;
				TARGETED_DEVICE_FAMILY = "1,2";
				TEST_HOST = "$(BUILT_PRODUCTS_DIR)/massive_emart.app/$(BUNDLE_EXECUTABLE_FOLDER_PATH)/massive_emart";
			};
			name = Release;
		};
		23A642AE2A5E1F96000DD420 /* Debug */ = {
			isa = XCBuildConfiguration;
			buildSettings = {
				ALWAYS_EMBED_SWIFT_STANDARD_LIBRARIES = YES;
				CODE_SIGN_STYLE = Automatic;
				CURRENT_PROJECT_VERSION = 1;
				DEVELOPMENT_TEAM = P3LDC8K28V;
				GENERATE_INFOPLIST_FILE = YES;
				MARKETING_VERSION = 1.0;
				PRODUCT_BUNDLE_IDENTIFIER = "pp.massive-emartUITests";
				PRODUCT_NAME = "$(TARGET_NAME)";
				SWIFT_EMIT_LOC_STRINGS = NO;
				SWIFT_VERSION = 5.0;
				TARGETED_DEVICE_FAMILY = "1,2";
				TEST_TARGET_NAME = massive_emart;
			};
			name = Debug;
		};
		23A642AF2A5E1F96000DD420 /* Release */ = {
			isa = XCBuildConfiguration;
			buildSettings = {
				ALWAYS_EMBED_SWIFT_STANDARD_LIBRARIES = YES;
				CODE_SIGN_STYLE = Automatic;
				CURRENT_PROJECT_VERSION = 1;
				DEVELOPMENT_TEAM = P3LDC8K28V;
				GENERATE_INFOPLIST_FILE = YES;
				MARKETING_VERSION = 1.0;
				PRODUCT_BUNDLE_IDENTIFIER = "pp.massive-emartUITests";
				PRODUCT_NAME = "$(TARGET_NAME)";
				SWIFT_EMIT_LOC_STRINGS = NO;
				SWIFT_VERSION = 5.0;
				TARGETED_DEVICE_FAMILY = "1,2";
				TEST_TARGET_NAME = massive_emart;
			};
			name = Release;
		};
/* End XCBuildConfiguration section */

/* Begin XCConfigurationList section */
		23A642782A5E1F92000DD420 /* Build configuration list for PBXProject "massive_emart" */ = {
			isa = XCConfigurationList;
			buildConfigurations = (
				23A642A52A5E1F96000DD420 /* Debug */,
				23A642A62A5E1F96000DD420 /* Release */,
			);
			defaultConfigurationIsVisible = 0;
			defaultConfigurationName = Release;
		};
		23A642A72A5E1F96000DD420 /* Build configuration list for PBXNativeTarget "massive_emart" */ = {
			isa = XCConfigurationList;
			buildConfigurations = (
				23A642A82A5E1F96000DD420 /* Debug */,
				23A642A92A5E1F96000DD420 /* Release */,
			);
			defaultConfigurationIsVisible = 0;
			defaultConfigurationName = Release;
		};
		23A642AA2A5E1F96000DD420 /* Build configuration list for PBXNativeTarget "massive_emartTests" */ = {
			isa = XCConfigurationList;
			buildConfigurations = (
				23A642AB2A5E1F96000DD420 /* Debug */,
				23A642AC2A5E1F96000DD420 /* Release */,
			);
			defaultConfigurationIsVisible = 0;
			defaultConfigurationName = Release;
		};
		23A642AD2A5E1F96000DD420 /* Build configuration list for PBXNativeTarget "massive_emartUITests" */ = {
			isa = XCConfigurationList;
			buildConfigurations = (
				23A642AE2A5E1F96000DD420 /* Debug */,
				23A642AF2A5E1F96000DD420 /* Release */,
			);
			defaultConfigurationIsVisible = 0;
			defaultConfigurationName = Release;
		};
/* End XCConfigurationList section */
	};
	rootObject = 23A642752A5E1F92000DD420 /* Project object */;
}
